<Solution>
  <Project Path="src/NiftyOptionServiceDB/NiftyOptionServiceDB.sqlproj" Id="7bb6bac9-5d5f-43d0-936a-34b83bd08c44">
    <Build />
    <Deploy />
  </Project>
  <Project Path="src/OptionChainService/NiftyOptionChainService.csproj" />
  <Project Path="src/PlaceOrder/PlaceOrder/PlaceOrder.csproj" Id="55f7573a-47cd-4b6c-98a4-211113c4da5b" />
</Solution>
